
Microsoft Visual Studio Solution File, Format Version 12.00
# Visual Studio 15
VisualStudioVersion = 15.0.28010.2046
MinimumVisualStudioVersion = 10.0.40219.1
Project("{FAE04EC0-301F-11D3-BF4B-00C04F79EFBC}") = "Kata_MarsRover_CSharp", "Kata_MarsRover_CSharp\Kata_MarsRover_CSharp.csproj", "{3D8233C0-6795-4989-B05A-560E26C1AF15}"
EndProject
Global
	GlobalSection(SolutionConfigurationPlatforms) = preSolution
		Debug|Any CPU = Debug|Any CPU
		Release|Any CPU = Release|Any CPU
	EndGlobalSection
	GlobalSection(ProjectConfigurationPlatforms) = postSolution
		{3D8233C0-6795-4989-B05A-560E26C1AF15}.Debug|Any CPU.ActiveCfg = Debug|Any CPU
		{3D8233C0-6795-4989-B05A-560E26C1AF15}.Debug|Any CPU.Build.0 = Debug|Any CPU
		{3D8233C0-6795-4989-B05A-560E26C1AF15}.Release|Any CPU.ActiveCfg = Release|Any CPU
		{3D8233C0-6795-4989-B05A-560E26C1AF15}.Release|Any CPU.Build.0 = Release|Any CPU
	EndGlobalSection
	GlobalSection(SolutionProperties) = preSolution
		HideSolutionNode = FALSE
	EndGlobalSection
	GlobalSection(ExtensibilityGlobals) = postSolution
		SolutionGuid = {24720605-F05F-4AA1-9EE3-550EAE5C5387}
	EndGlobalSection
EndGlobal
