
Microsoft Visual Studio Solution File, Format Version 12.00
# Visual Studio 15
VisualStudioVersion = 15.0.28010.2046
MinimumVisualStudioVersion = 10.0.40219.1
Project("{FAE04EC0-301F-11D3-BF4B-00C04F79EFBC}") = "Kata_MarsRover_CSharp", "Kata_MarsRover_CSharp\Kata_MarsRover_CSharp.csproj", "{2B2AB2EE-5699-4A76-99A0-BFDC082BCC41}"
EndProject
Project("{FAE04EC0-301F-11D3-BF4B-00C04F79EFBC}") = "Kata_MarsRover_CSharp_Tests", "Kata_MarsRover_CSharp_Tests\Kata_MarsRover_CSharp_Tests.csproj", "{73F96DD0-32F6-4E02-BE4E-CCAB994D9924}"
EndProject
Global
	GlobalSection(SolutionConfigurationPlatforms) = preSolution
		Debug|Any CPU = Debug|Any CPU
		Release|Any CPU = Release|Any CPU
	EndGlobalSection
	GlobalSection(ProjectConfigurationPlatforms) = postSolution
		{2B2AB2EE-5699-4A76-99A0-BFDC082BCC41}.Debug|Any CPU.ActiveCfg = Debug|Any CPU
		{2B2AB2EE-5699-4A76-99A0-BFDC082BCC41}.Debug|Any CPU.Build.0 = Debug|Any CPU
		{2B2AB2EE-5699-4A76-99A0-BFDC082BCC41}.Release|Any CPU.ActiveCfg = Release|Any CPU
		{2B2AB2EE-5699-4A76-99A0-BFDC082BCC41}.Release|Any CPU.Build.0 = Release|Any CPU
		{73F96DD0-32F6-4E02-BE4E-CCAB994D9924}.Debug|Any CPU.ActiveCfg = Debug|Any CPU
		{73F96DD0-32F6-4E02-BE4E-CCAB994D9924}.Debug|Any CPU.Build.0 = Debug|Any CPU
		{73F96DD0-32F6-4E02-BE4E-CCAB994D9924}.Release|Any CPU.ActiveCfg = Release|Any CPU
		{73F96DD0-32F6-4E02-BE4E-CCAB994D9924}.Release|Any CPU.Build.0 = Release|Any CPU
	EndGlobalSection
	GlobalSection(SolutionProperties) = preSolution
		HideSolutionNode = FALSE
	EndGlobalSection
	GlobalSection(ExtensibilityGlobals) = postSolution
		SolutionGuid = {52231B6B-E514-4C37-921E-667AFF5078EA}
	EndGlobalSection
EndGlobal
